
Microsoft Visual Studio Solution File, Format Version 12.00
# Visual Studio 15
VisualStudioVersion = 15.0.28307.1231
MinimumVisualStudioVersion = 10.0.40219.1
Project("{FAE04EC0-301F-11D3-BF4B-00C04F79EFBC}") = "MusicTagLibrary", "MusicTagLibrary\MusicTagLibrary.csproj", "{3A454E4F-F94E-4563-8EFC-FC5D199B548F}"
EndProject
Project("{FAE04EC0-301F-11D3-BF4B-00C04F79EFBC}") = "MusicTagUI", "MusicTagUI\MusicTagUI.csproj", "{9A992902-5887-49DC-914E-35A655AA9B10}"
EndProject
Project("{FAE04EC0-301F-11D3-BF4B-00C04F79EFBC}") = "MusicTagLibrary.Tests", "MusicTagLibrary.Tests\MusicTagLibrary.Tests.csproj", "{90E0087B-2753-4DD0-94EF-0BD95C79A7DD}"
EndProject
Global
	GlobalSection(SolutionConfigurationPlatforms) = preSolution
		Debug|Any CPU = Debug|Any CPU
		Release|Any CPU = Release|Any CPU
	EndGlobalSection
	GlobalSection(ProjectConfigurationPlatforms) = postSolution
		{3A454E4F-F94E-4563-8EFC-FC5D199B548F}.Debug|Any CPU.ActiveCfg = Debug|Any CPU
		{3A454E4F-F94E-4563-8EFC-FC5D199B548F}.Debug|Any CPU.Build.0 = Debug|Any CPU
		{3A454E4F-F94E-4563-8EFC-FC5D199B548F}.Release|Any CPU.ActiveCfg = Release|Any CPU
		{3A454E4F-F94E-4563-8EFC-FC5D199B548F}.Release|Any CPU.Build.0 = Release|Any CPU
		{9A992902-5887-49DC-914E-35A655AA9B10}.Debug|Any CPU.ActiveCfg = Debug|Any CPU
		{9A992902-5887-49DC-914E-35A655AA9B10}.Debug|Any CPU.Build.0 = Debug|Any CPU
		{9A992902-5887-49DC-914E-35A655AA9B10}.Release|Any CPU.ActiveCfg = Release|Any CPU
		{9A992902-5887-49DC-914E-35A655AA9B10}.Release|Any CPU.Build.0 = Release|Any CPU
		{90E0087B-2753-4DD0-94EF-0BD95C79A7DD}.Debug|Any CPU.ActiveCfg = Debug|Any CPU
		{90E0087B-2753-4DD0-94EF-0BD95C79A7DD}.Debug|Any CPU.Build.0 = Debug|Any CPU
		{90E0087B-2753-4DD0-94EF-0BD95C79A7DD}.Release|Any CPU.ActiveCfg = Release|Any CPU
		{90E0087B-2753-4DD0-94EF-0BD95C79A7DD}.Release|Any CPU.Build.0 = Release|Any CPU
	EndGlobalSection
	GlobalSection(SolutionProperties) = preSolution
		HideSolutionNode = FALSE
	EndGlobalSection
	GlobalSection(ExtensibilityGlobals) = postSolution
		SolutionGuid = {8D641A43-CED3-4EB5-B20C-9F5F57B11404}
	EndGlobalSection
EndGlobal
